PODS:
  - Capacitor (7.2.0):
    - CapacitorCordova
  - CapacitorApp (7.0.1):
    - Capacitor
  - CapacitorCamera (7.0.1):
    - Capacitor
  - CapacitorCommunityInAppReview (7.1.0):
    - Capacitor
  - CapacitorCordova (7.2.0)
  - CapacitorFilesystem (7.0.1):
    - Capacitor
  - CapacitorHaptics (7.0.1):
    - Capacitor
  - CapacitorNativeSettings (7.0.1):
    - Capacitor
  - CapacitorScreenOrientation (7.0.2):
    - Capacitor
  - CapacitorShare (7.0.1):
    - Capacitor
  - EbarooniCapacitorCalendar (7.2.0):
    - Capacitor
  - MichaelwolzCameraPreviewLite (7.1.0):
    - Capacitor
  - PurchasesHybridCommon (17.16.1):
    - RevenueCat (= 5.46.3)
  - RevenueCat (5.46.3)
  - RevenuecatPurchasesCapacitor (11.2.12):
    - Capacitor
    - PurchasesHybridCommon (= 17.16.1)

DEPENDENCIES:
  - "Capacitor (from `../../../node_modules/@capacitor/ios`)"
  - "CapacitorApp (from `../../../node_modules/@capacitor/app`)"
  - "CapacitorCamera (from `../../../node_modules/@capacitor/camera`)"
  - "CapacitorCommunityInAppReview (from `../../../node_modules/@capacitor-community/in-app-review`)"
  - "CapacitorCordova (from `../../../node_modules/@capacitor/ios`)"
  - "CapacitorFilesystem (from `../../../node_modules/@capacitor/filesystem`)"
  - "CapacitorHaptics (from `../../../node_modules/@capacitor/haptics`)"
  - CapacitorNativeSettings (from `../../../node_modules/capacitor-native-settings`)
  - "CapacitorScreenOrientation (from `../../../node_modules/@capacitor/screen-orientation`)"
  - "CapacitorShare (from `../../../node_modules/@capacitor/share`)"
  - "EbarooniCapacitorCalendar (from `../../../node_modules/@ebarooni/capacitor-calendar`)"
  - "MichaelwolzCameraPreviewLite (from `../../../node_modules/@michaelwolz/camera-preview-lite`)"
  - "RevenuecatPurchasesCapacitor (from `../../../node_modules/@revenuecat/purchases-capacitor`)"

SPEC REPOS:
  trunk:
    - PurchasesHybridCommon
    - RevenueCat

EXTERNAL SOURCES:
  Capacitor:
    :path: "../../../node_modules/@capacitor/ios"
  CapacitorApp:
    :path: "../../../node_modules/@capacitor/app"
  CapacitorCamera:
    :path: "../../../node_modules/@capacitor/camera"
  CapacitorCommunityInAppReview:
    :path: "../../../node_modules/@capacitor-community/in-app-review"
  CapacitorCordova:
    :path: "../../../node_modules/@capacitor/ios"
  CapacitorFilesystem:
    :path: "../../../node_modules/@capacitor/filesystem"
  CapacitorHaptics:
    :path: "../../../node_modules/@capacitor/haptics"
  CapacitorNativeSettings:
    :path: "../../../node_modules/capacitor-native-settings"
  CapacitorScreenOrientation:
    :path: "../../../node_modules/@capacitor/screen-orientation"
  CapacitorShare:
    :path: "../../../node_modules/@capacitor/share"
  EbarooniCapacitorCalendar:
    :path: "../../../node_modules/@ebarooni/capacitor-calendar"
  MichaelwolzCameraPreviewLite:
    :path: "../../../node_modules/@michaelwolz/camera-preview-lite"
  RevenuecatPurchasesCapacitor:
    :path: "../../../node_modules/@revenuecat/purchases-capacitor"

SPEC CHECKSUMS:
  Capacitor: 03bc7cbdde6a629a8b910a9d7d78c3cc7ed09ea7
  CapacitorApp: febecbb9582cb353aed037e18ec765141f880fe9
  CapacitorCamera: 6e73f1fc6c629a672658705a02409b60854bc0f1
  CapacitorCommunityInAppReview: 3756d05524c5cf2eccbc8ed460f77f8f8db6c141
  CapacitorCordova: 5967b9ba03915ef1d585469d6e31f31dc49be96f
  CapacitorFilesystem: e6261c410436f54908c11f94336c5b58286b1db0
  CapacitorHaptics: 1f1e17041f435d8ead9ff2a34edd592c6aa6a8d6
  CapacitorNativeSettings: bef37b3c7e2184da7416a3f162c71de19fd27593
  CapacitorScreenOrientation: e0d5b9ef293b269b8f93373355d5b276f50fabea
  CapacitorShare: e573823f511f260f598d0423c33b1e3d7bbe5fd1
  EbarooniCapacitorCalendar: 4568a8a318b940245bf6e257a8b115626581bb7d
  MichaelwolzCameraPreviewLite: 04724eb9d11e2633d131ae911b74f5a5e7f83836
  PurchasesHybridCommon: aa143077ae699019b615a9fe72cdf52b0ae5273e
  RevenueCat: 635d32f21556b036ac6138a3ec44ac8e5a7c79b6
  RevenuecatPurchasesCapacitor: d54057ab47d3ac3dbb7660cc524eab1c58d8c490

PODFILE CHECKSUM: 47cecd12482eb36221f48328677891b2dc1f83d1

COCOAPODS: 1.16.2
